
Microsoft Visual Studio Solution File, Format Version 12.00
# Visual Studio Version 16
VisualStudioVersion = 16.0.28917.182
MinimumVisualStudioVersion = 10.0.40219.1
Project("{FAE04EC0-301F-11D3-BF4B-00C04F79EFBC}") = "WebApplication2", "WebApplication2\WebApplication2.csproj", "{CF289150-1A97-4569-BBD6-174EF35C2FED}"
EndProject
Global
	GlobalSection(SolutionConfigurationPlatforms) = preSolution
		Debug|Any CPU = Debug|Any CPU
		Release|Any CPU = Release|Any CPU
	EndGlobalSection
	GlobalSection(ProjectConfigurationPlatforms) = postSolution
		{CF289150-1A97-4569-BBD6-174EF35C2FED}.Debug|Any CPU.ActiveCfg = Debug|Any CPU
		{CF289150-1A97-4569-BBD6-174EF35C2FED}.Debug|Any CPU.Build.0 = Debug|Any CPU
		{CF289150-1A97-4569-BBD6-174EF35C2FED}.Release|Any CPU.ActiveCfg = Release|Any CPU
		{CF289150-1A97-4569-BBD6-174EF35C2FED}.Release|Any CPU.Build.0 = Release|Any CPU
	EndGlobalSection
	GlobalSection(SolutionProperties) = preSolution
		HideSolutionNode = FALSE
	EndGlobalSection
	GlobalSection(ExtensibilityGlobals) = postSolution
		SolutionGuid = {013D8245-A62A-4E84-B65A-6973FF68BF7B}
	EndGlobalSection
EndGlobal
